// !$*UTF8*$!
{
	archiveVersion = 1;
	classes = {
	};
	objectVersion = 46;
	objects = {

/* Begin PBXBuildFile section */
		91A437AE1F0935F900930545 /* AppDelegate.swift in Sources */ = {isa = PBXBuildFile; fileRef = 91A437AD1F0935F900930545 /* AppDelegate.swift */; };
		91A437B01F0935F900930545 /* ViewController.swift in Sources */ = {isa = PBXBuildFile; fileRef = 91A437AF1F0935F900930545 /* ViewController.swift */; };
		91A437B31F0935F900930545 /* Main.storyboard in Resources */ = {isa = PBXBuildFile; fileRef = 91A437B11F0935F900930545 /* Main.storyboard */; };
		91A437B51F0935F900930545 /* Assets.xcassets in Resources */ = {isa = PBXBuildFile; fileRef = 91A437B41F0935F900930545 /* Assets.xcassets */; };
		91A437B81F0935F900930545 /* LaunchScreen.storyboard in Resources */ = {isa = PBXBuildFile; fileRef = 91A437B61F0935F900930545 /* LaunchScreen.storyboard */; };
		91A437C31F0935F900930545 /* CalculadoraSalarioTests.swift in Sources */ = {isa = PBXBuildFile; fileRef = 91A437C21F0935F900930545 /* CalculadoraSalarioTests.swift */; };
		91A437CE1F0935F900930545 /* CalculadoraSalarioUITests.swift in Sources */ = {isa = PBXBuildFile; fileRef = 91A437CD1F0935F900930545 /* CalculadoraSalarioUITests.swift */; };
/* End PBXBuildFile section */

/* Begin PBXContainerItemProxy section */
		91A437BF1F0935F900930545 /* PBXContainerItemProxy */ = {
			isa = PBXContainerItemProxy;
			containerPortal = 91A437A21F0935F900930545 /* Project object */;
			proxyType = 1;
			remoteGlobalIDString = 91A437A91F0935F900930545;
			remoteInfo = CalculadoraSalario;
		};
		91A437CA1F0935F900930545 /* PBXContainerItemProxy */ = {
			isa = PBXContainerItemProxy;
			containerPortal = 91A437A21F0935F900930545 /* Project object */;
			proxyType = 1;
			remoteGlobalIDString = 91A437A91F0935F900930545;
			remoteInfo = CalculadoraSalario;
		};
/* End PBXContainerItemProxy section */

/* Begin PBXFileReference section */
		91A437AA1F0935F900930545 /* CalculadoraSalario.app */ = {isa = PBXFileReference; explicitFileType = wrapper.application; includeInIndex = 0; path = CalculadoraSalario.app; sourceTree = BUILT_PRODUCTS_DIR; };
		91A437AD1F0935F900930545 /* AppDelegate.swift */ = {isa = PBXFileReference; lastKnownFileType = sourcecode.swift; path = AppDelegate.swift; sourceTree = "<group>"; };
		91A437AF1F0935F900930545 /* ViewController.swift */ = {isa = PBXFileReference; lastKnownFileType = sourcecode.swift; path = ViewController.swift; sourceTree = "<group>"; };
		91A437B21F0935F900930545 /* Base */ = {isa = PBXFileReference; lastKnownFileType = file.storyboard; name = Base; path = Base.lproj/Main.storyboard; sourceTree = "<group>"; };
		91A437B41F0935F900930545 /* Assets.xcassets */ = {isa = PBXFileReference; lastKnownFileType = folder.assetcatalog; path = Assets.xcassets; sourceTree = "<group>"; };
		91A437B71F0935F900930545 /* Base */ = {isa = PBXFileReference; lastKnownFileType = file.storyboard; name = Base; path = Base.lproj/LaunchScreen.storyboard; sourceTree = "<group>"; };
		91A437B91F0935F900930545 /* Info.plist */ = {isa = PBXFileReference; lastKnownFileType = text.plist.xml; path = Info.plist; sourceTree = "<group>"; };
		91A437BE1F0935F900930545 /* CalculadoraSalarioTests.xctest */ = {isa = PBXFileReference; explicitFileType = wrapper.cfbundle; includeInIndex = 0; path = CalculadoraSalarioTests.xctest; sourceTree = BUILT_PRODUCTS_DIR; };
		91A437C21F0935F900930545 /* CalculadoraSalarioTests.swift */ = {isa = PBXFileReference; lastKnownFileType = sourcecode.swift; path = CalculadoraSalarioTests.swift; sourceTree = "<group>"; };
		91A437C41F0935F900930545 /* Info.plist */ = {isa = PBXFileReference; lastKnownFileType = text.plist.xml; path = Info.plist; sourceTree = "<group>"; };
		91A437C91F0935F900930545 /* CalculadoraSalarioUITests.xctest */ = {isa = PBXFileReference; explicitFileType = wrapper.cfbundle; includeInIndex = 0; path = CalculadoraSalarioUITests.xctest; sourceTree = BUILT_PRODUCTS_DIR; };
		91A437CD1F0935F900930545 /* CalculadoraSalarioUITests.swift */ = {isa = PBXFileReference; lastKnownFileType = sourcecode.swift; path = CalculadoraSalarioUITests.swift; sourceTree = "<group>"; };
		91A437CF1F0935F900930545 /* Info.plist */ = {isa = PBXFileReference; lastKnownFileType = text.plist.xml; path = Info.plist; sourceTree = "<group>"; };
/* End PBXFileReference section */

/* Begin PBXFrameworksBuildPhase section */
		91A437A71F0935F900930545 /* Frameworks */ = {
			isa = PBXFrameworksBuildPhase;
			buildActionMask = 2147483647;
			files = (
			);
			runOnlyForDeploymentPostprocessing = 0;
		};
		91A437BB1F0935F900930545 /* Frameworks */ = {
			isa = PBXFrameworksBuildPhase;
			buildActionMask = 2147483647;
			files = (
			);
			runOnlyForDeploymentPostprocessing = 0;
		};
		91A437C61F0935F900930545 /* Frameworks */ = {
			isa = PBXFrameworksBuildPhase;
			buildActionMask = 2147483647;
			files = (
			);
			runOnlyForDeploymentPostprocessing = 0;
		};
/* End PBXFrameworksBuildPhase section */

/* Begin PBXGroup section */
		91A437A11F0935F900930545 = {
			isa = PBXGroup;
			children = (
				91A437AC1F0935F900930545 /* CalculadoraSalario */,
				91A437C11F0935F900930545 /* CalculadoraSalarioTests */,
				91A437CC1F0935F900930545 /* CalculadoraSalarioUITests */,
				91A437AB1F0935F900930545 /* Products */,
			);
			sourceTree = "<group>";
		};
		91A437AB1F0935F900930545 /* Products */ = {
			isa = PBXGroup;
			children = (
				91A437AA1F0935F900930545 /* CalculadoraSalario.app */,
				91A437BE1F0935F900930545 /* CalculadoraSalarioTests.xctest */,
				91A437C91F0935F900930545 /* CalculadoraSalarioUITests.xctest */,
			);
			name = Products;
			sourceTree = "<group>";
		};
		91A437AC1F0935F900930545 /* CalculadoraSalario */ = {
			isa = PBXGroup;
			children = (
				91A437AD1F0935F900930545 /* AppDelegate.swift */,
				91A437AF1F0935F900930545 /* ViewController.swift */,
				91A437B11F0935F900930545 /* Main.storyboard */,
				91A437B41F0935F900930545 /* Assets.xcassets */,
				91A437B61F0935F900930545 /* LaunchScreen.storyboard */,
				91A437B91F0935F900930545 /* Info.plist */,
			);
			path = CalculadoraSalario;
			sourceTree = "<group>";
		};
		91A437C11F0935F900930545 /* CalculadoraSalarioTests */ = {
			isa = PBXGroup;
			children = (
				91A437C21F0935F900930545 /* CalculadoraSalarioTests.swift */,
				91A437C41F0935F900930545 /* Info.plist */,
			);
			path = CalculadoraSalarioTests;
			sourceTree = "<group>";
		};
		91A437CC1F0935F900930545 /* CalculadoraSalarioUITests */ = {
			isa = PBXGroup;
			children = (
				91A437CD1F0935F900930545 /* CalculadoraSalarioUITests.swift */,
				91A437CF1F0935F900930545 /* Info.plist */,
			);
			path = CalculadoraSalarioUITests;
			sourceTree = "<group>";
		};
/* End PBXGroup section */

/* Begin PBXNativeTarget section */
		91A437A91F0935F900930545 /* CalculadoraSalario */ = {
			isa = PBXNativeTarget;
			buildConfigurationList = 91A437D21F0935F900930545 /* Build configuration list for PBXNativeTarget "CalculadoraSalario" */;
			buildPhases = (
				91A437A61F0935F900930545 /* Sources */,
				91A437A71F0935F900930545 /* Frameworks */,
				91A437A81F0935F900930545 /* Resources */,
			);
			buildRules = (
			);
			dependencies = (
			);
			name = CalculadoraSalario;
			productName = CalculadoraSalario;
			productReference = 91A437AA1F0935F900930545 /* CalculadoraSalario.app */;
			productType = "com.apple.product-type.application";
		};
		91A437BD1F0935F900930545 /* CalculadoraSalarioTests */ = {
			isa = PBXNativeTarget;
			buildConfigurationList = 91A437D51F0935F900930545 /* Build configuration list for PBXNativeTarget "CalculadoraSalarioTests" */;
			buildPhases = (
				91A437BA1F0935F900930545 /* Sources */,
				91A437BB1F0935F900930545 /* Frameworks */,
				91A437BC1F0935F900930545 /* Resources */,
			);
			buildRules = (
			);
			dependencies = (
				91A437C01F0935F900930545 /* PBXTargetDependency */,
			);
			name = CalculadoraSalarioTests;
			productName = CalculadoraSalarioTests;
			productReference = 91A437BE1F0935F900930545 /* CalculadoraSalarioTests.xctest */;
			productType = "com.apple.product-type.bundle.unit-test";
		};
		91A437C81F0935F900930545 /* CalculadoraSalarioUITests */ = {
			isa = PBXNativeTarget;
			buildConfigurationList = 91A437D81F0935F900930545 /* Build configuration list for PBXNativeTarget "CalculadoraSalarioUITests" */;
			buildPhases = (
				91A437C51F0935F900930545 /* Sources */,
				91A437C61F0935F900930545 /* Frameworks */,
				91A437C71F0935F900930545 /* Resources */,
			);
			buildRules = (
			);
			dependencies = (
				91A437CB1F0935F900930545 /* PBXTargetDependency */,
			);
			name = CalculadoraSalarioUITests;
			productName = CalculadoraSalarioUITests;
			productReference = 91A437C91F0935F900930545 /* CalculadoraSalarioUITests.xctest */;
			productType = "com.apple.product-type.bundle.ui-testing";
		};
/* End PBXNativeTarget section */

/* Begin PBXProject section */
		91A437A21F0935F900930545 /* Project object */ = {
			isa = PBXProject;
			attributes = {
				LastSwiftUpdateCheck = 0830;
				LastUpgradeCheck = 0830;
				ORGANIZATIONNAME = "Debora Ribeiro";
				TargetAttributes = {
					91A437A91F0935F900930545 = {
						CreatedOnToolsVersion = 8.3.3;
						DevelopmentTeam = CQUR86ADG4;
						ProvisioningStyle = Automatic;
					};
					91A437BD1F0935F900930545 = {
						CreatedOnToolsVersion = 8.3.3;
						DevelopmentTeam = CQUR86ADG4;
						ProvisioningStyle = Automatic;
						TestTargetID = 91A437A91F0935F900930545;
					};
					91A437C81F0935F900930545 = {
						CreatedOnToolsVersion = 8.3.3;
						DevelopmentTeam = CQUR86ADG4;
						ProvisioningStyle = Automatic;
						TestTargetID = 91A437A91F0935F900930545;
					};
				};
			};
			buildConfigurationList = 91A437A51F0935F900930545 /* Build configuration list for PBXProject "CalculadoraSalario" */;
			compatibilityVersion = "Xcode 3.2";
			developmentRegion = English;
			hasScannedForEncodings = 0;
			knownRegions = (
				en,
				Base,
			);
			mainGroup = 91A437A11F0935F900930545;
			productRefGroup = 91A437AB1F0935F900930545 /* Products */;
			projectDirPath = "";
			projectRoot = "";
			targets = (
				91A437A91F0935F900930545 /* CalculadoraSalario */,
				91A437BD1F0935F900930545 /* CalculadoraSalarioTests */,
				91A437C81F0935F900930545 /* CalculadoraSalarioUITests */,
			);
		};
/* End PBXProject section */

/* Begin PBXResourcesBuildPhase section */
		91A437A81F0935F900930545 /* Resources */ = {
			isa = PBXResourcesBuildPhase;
			buildActionMask = 2147483647;
			files = (
				91A437B81F0935F900930545 /* LaunchScreen.storyboard in Resources */,
				91A437B51F0935F900930545 /* Assets.xcassets in Resources */,
				91A437B31F0935F900930545 /* Main.storyboard in Resources */,
			);
			runOnlyForDeploymentPostprocessing = 0;
		};
		91A437BC1F0935F900930545 /* Resources */ = {
			isa = PBXResourcesBuildPhase;
			buildActionMask = 2147483647;
			files = (
			);
			runOnlyForDeploymentPostprocessing = 0;
		};
		91A437C71F0935F900930545 /* Resources */ = {
			isa = PBXResourcesBuildPhase;
			buildActionMask = 2147483647;
			files = (
			);
			runOnlyForDeploymentPostprocessing = 0;
		};
/* End PBXResourcesBuildPhase section */

/* Begin PBXSourcesBuildPhase section */
		91A437A61F0935F900930545 /* Sources */ = {
			isa = PBXSourcesBuildPhase;
			buildActionMask = 2147483647;
			files = (
				91A437B01F0935F900930545 /* ViewController.swift in Sources */,
				91A437AE1F0935F900930545 /* AppDelegate.swift in Sources */,
			);
			runOnlyForDeploymentPostprocessing = 0;
		};
		91A437BA1F0935F900930545 /* Sources */ = {
			isa = PBXSourcesBuildPhase;
			buildActionMask = 2147483647;
			files = (
				91A437C31F0935F900930545 /* CalculadoraSalarioTests.swift in Sources */,
			);
			runOnlyForDeploymentPostprocessing = 0;
		};
		91A437C51F0935F900930545 /* Sources */ = {
			isa = PBXSourcesBuildPhase;
			buildActionMask = 2147483647;
			files = (
				91A437CE1F0935F900930545 /* CalculadoraSalarioUITests.swift in Sources */,
			);
			runOnlyForDeploymentPostprocessing = 0;
		};
/* End PBXSourcesBuildPhase section */

/* Begin PBXTargetDependency section */
		91A437C01F0935F900930545 /* PBXTargetDependency */ = {
			isa = PBXTargetDependency;
			target = 91A437A91F0935F900930545 /* CalculadoraSalario */;
			targetProxy = 91A437BF1F0935F900930545 /* PBXContainerItemProxy */;
		};
		91A437CB1F0935F900930545 /* PBXTargetDependency */ = {
			isa = PBXTargetDependency;
			target = 91A437A91F0935F900930545 /* CalculadoraSalario */;
			targetProxy = 91A437CA1F0935F900930545 /* PBXContainerItemProxy */;
		};
/* End PBXTargetDependency section */

/* Begin PBXVariantGroup section */
		91A437B11F0935F900930545 /* Main.storyboard */ = {
			isa = PBXVariantGroup;
			children = (
				91A437B21F0935F900930545 /* Base */,
			);
			name = Main.storyboard;
			sourceTree = "<group>";
		};
		91A437B61F0935F900930545 /* LaunchScreen.storyboard */ = {
			isa = PBXVariantGroup;
			children = (
				91A437B71F0935F900930545 /* Base */,
			);
			name = LaunchScreen.storyboard;
			sourceTree = "<group>";
		};
/* End PBXVariantGroup section */

/* Begin XCBuildConfiguration section */
		91A437D01F0935F900930545 /* Debug */ = {
			isa = XCBuildConfiguration;
			buildSettings = {
				ALWAYS_SEARCH_USER_PATHS = NO;
				CLANG_ANALYZER_NONNULL = YES;
				CLANG_ANALYZER_NUMBER_OBJECT_CONVERSION = YES_AGGRESSIVE;
				CLANG_CXX_LANGUAGE_STANDARD = "gnu++0x";
				CLANG_CXX_LIBRARY = "libc++";
				CLANG_ENABLE_MODULES = YES;
				CLANG_ENABLE_OBJC_ARC = YES;
				CLANG_WARN_BOOL_CONVERSION = YES;
				CLANG_WARN_CONSTANT_CONVERSION = YES;
				CLANG_WARN_DIRECT_OBJC_ISA_USAGE = YES_ERROR;
				CLANG_WARN_DOCUMENTATION_COMMENTS = YES;
				CLANG_WARN_EMPTY_BODY = YES;
				CLANG_WARN_ENUM_CONVERSION = YES;
				CLANG_WARN_INFINITE_RECURSION = YES;
				CLANG_WARN_INT_CONVERSION = YES;
				CLANG_WARN_OBJC_ROOT_CLASS = YES_ERROR;
				CLANG_WARN_SUSPICIOUS_MOVE = YES;
				CLANG_WARN_UNREACHABLE_CODE = YES;
				CLANG_WARN__DUPLICATE_METHOD_MATCH = YES;
				"CODE_SIGN_IDENTITY[sdk=iphoneos*]" = "iPhone Developer";
				COPY_PHASE_STRIP = NO;
				DEBUG_INFORMATION_FORMAT = dwarf;
				ENABLE_STRICT_OBJC_MSGSEND = YES;
				ENABLE_TESTABILITY = YES;
				GCC_C_LANGUAGE_STANDARD = gnu99;
				GCC_DYNAMIC_NO_PIC = NO;
				GCC_NO_COMMON_BLOCKS = YES;
				GCC_OPTIMIZATION_LEVEL = 0;
				GCC_PREPROCESSOR_DEFINITIONS = (
					"DEBUG=1",
					"$(inherited)",
				);
				GCC_WARN_64_TO_32_BIT_CONVERSION = YES;
				GCC_WARN_ABOUT_RETURN_TYPE = YES_ERROR;
				GCC_WARN_UNDECLARED_SELECTOR = YES;
				GCC_WARN_UNINITIALIZED_AUTOS = YES_AGGRESSIVE;
				GCC_WARN_UNUSED_FUNCTION = YES;
				GCC_WARN_UNUSED_VARIABLE = YES;
				IPHONEOS_DEPLOYMENT_TARGET = 10.3;
				MTL_ENABLE_DEBUG_INFO = YES;
				ONLY_ACTIVE_ARCH = YES;
				SDKROOT = iphoneos;
				SWIFT_ACTIVE_COMPILATION_CONDITIONS = DEBUG;
				SWIFT_OPTIMIZATION_LEVEL = "-Onone";
				TARGETED_DEVICE_FAMILY = "1,2";
			};
			name = Debug;
		};
		91A437D11F0935F900930545 /* Release */ = {
			isa = XCBuildConfiguration;
			buildSettings = {
				ALWAYS_SEARCH_USER_PATHS = NO;
				CLANG_ANALYZER_NONNULL = YES;
				CLANG_ANALYZER_NUMBER_OBJECT_CONVERSION = YES_AGGRESSIVE;
				CLANG_CXX_LANGUAGE_STANDARD = "gnu++0x";
				CLANG_CXX_LIBRARY = "libc++";
				CLANG_ENABLE_MODULES = YES;
				CLANG_ENABLE_OBJC_ARC = YES;
				CLANG_WARN_BOOL_CONVERSION = YES;
				CLANG_WARN_CONSTANT_CONVERSION = YES;
				CLANG_WARN_DIRECT_OBJC_ISA_USAGE = YES_ERROR;
				CLANG_WARN_DOCUMENTATION_COMMENTS = YES;
				CLANG_WARN_EMPTY_BODY = YES;
				CLANG_WARN_ENUM_CONVERSION = YES;
				CLANG_WARN_INFINITE_RECURSION = YES;
				CLANG_WARN_INT_CONVERSION = YES;
				CLANG_WARN_OBJC_ROOT_CLASS = YES_ERROR;
				CLANG_WARN_SUSPICIOUS_MOVE = YES;
				CLANG_WARN_UNREACHABLE_CODE = YES;
				CLANG_WARN__DUPLICATE_METHOD_MATCH = YES;
				"CODE_SIGN_IDENTITY[sdk=iphoneos*]" = "iPhone Developer";
				COPY_PHASE_STRIP = NO;
				DEBUG_INFORMATION_FORMAT = "dwarf-with-dsym";
				ENABLE_NS_ASSERTIONS = NO;
				ENABLE_STRICT_OBJC_MSGSEND = YES;
				GCC_C_LANGUAGE_STANDARD = gnu99;
				GCC_NO_COMMON_BLOCKS = YES;
				GCC_WARN_64_TO_32_BIT_CONVERSION = YES;
				GCC_WARN_ABOUT_RETURN_TYPE = YES_ERROR;
				GCC_WARN_UNDECLARED_SELECTOR = YES;
				GCC_WARN_UNINITIALIZED_AUTOS = YES_AGGRESSIVE;
				GCC_WARN_UNUSED_FUNCTION = YES;
				GCC_WARN_UNUSED_VARIABLE = YES;
				IPHONEOS_DEPLOYMENT_TARGET = 10.3;
				MTL_ENABLE_DEBUG_INFO = NO;
				SDKROOT = iphoneos;
				SWIFT_OPTIMIZATION_LEVEL = "-Owholemodule";
				TARGETED_DEVICE_FAMILY = "1,2";
				VALIDATE_PRODUCT = YES;
			};
			name = Release;
		};
		91A437D31F0935F900930545 /* Debug */ = {
			isa = XCBuildConfiguration;
			buildSettings = {
				ASSETCATALOG_COMPILER_APPICON_NAME = AppIcon;
				DEVELOPMENT_TEAM = CQUR86ADG4;
				INFOPLIST_FILE = CalculadoraSalario/Info.plist;
				LD_RUNPATH_SEARCH_PATHS = "$(inherited) @executable_path/Frameworks";
				PRODUCT_BUNDLE_IDENTIFIER = net.deboraribeiro.CalculadoraSalario;
				PRODUCT_NAME = "$(TARGET_NAME)";
				SWIFT_VERSION = 3.0;
			};
			name = Debug;
		};
		91A437D41F0935F900930545 /* Release */ = {
			isa = XCBuildConfiguration;
			buildSettings = {
				ASSETCATALOG_COMPILER_APPICON_NAME = AppIcon;
				DEVELOPMENT_TEAM = CQUR86ADG4;
				INFOPLIST_FILE = CalculadoraSalario/Info.plist;
				LD_RUNPATH_SEARCH_PATHS = "$(inherited) @executable_path/Frameworks";
				PRODUCT_BUNDLE_IDENTIFIER = net.deboraribeiro.CalculadoraSalario;
				PRODUCT_NAME = "$(TARGET_NAME)";
				SWIFT_VERSION = 3.0;
			};
			name = Release;
		};
		91A437D61F0935F900930545 /* Debug */ = {
			isa = XCBuildConfiguration;
			buildSettings = {
				ALWAYS_EMBED_SWIFT_STANDARD_LIBRARIES = YES;
				BUNDLE_LOADER = "$(TEST_HOST)";
				DEVELOPMENT_TEAM = CQUR86ADG4;
				INFOPLIST_FILE = CalculadoraSalarioTests/Info.plist;
				LD_RUNPATH_SEARCH_PATHS = "$(inherited) @executable_path/Frameworks @loader_path/Frameworks";
				PRODUCT_BUNDLE_IDENTIFIER = net.deboraribeiro.CalculadoraSalarioTests;
				PRODUCT_NAME = "$(TARGET_NAME)";
				SWIFT_VERSION = 3.0;
				TEST_HOST = "$(BUILT_PRODUCTS_DIR)/CalculadoraSalario.app/CalculadoraSalario";
			};
			name = Debug;
		};
		91A437D71F0935F900930545 /* Release */ = {
			isa = XCBuildConfiguration;
			buildSettings = {
				ALWAYS_EMBED_SWIFT_STANDARD_LIBRARIES = YES;
				BUNDLE_LOADER = "$(TEST_HOST)";
				DEVELOPMENT_TEAM = CQUR86ADG4;
				INFOPLIST_FILE = CalculadoraSalarioTests/Info.plist;
				LD_RUNPATH_SEARCH_PATHS = "$(inherited) @executable_path/Frameworks @loader_path/Frameworks";
				PRODUCT_BUNDLE_IDENTIFIER = net.deboraribeiro.CalculadoraSalarioTests;
				PRODUCT_NAME = "$(TARGET_NAME)";
				SWIFT_VERSION = 3.0;
				TEST_HOST = "$(BUILT_PRODUCTS_DIR)/CalculadoraSalario.app/CalculadoraSalario";
			};
			name = Release;
		};
		91A437D91F0935F900930545 /* Debug */ = {
			isa = XCBuildConfiguration;
			buildSettings = {
				ALWAYS_EMBED_SWIFT_STANDARD_LIBRARIES = YES;
				DEVELOPMENT_TEAM = CQUR86ADG4;
				INFOPLIST_FILE = CalculadoraSalarioUITests/Info.plist;
				LD_RUNPATH_SEARCH_PATHS = "$(inherited) @executable_path/Frameworks @loader_path/Frameworks";
				PRODUCT_BUNDLE_IDENTIFIER = net.deboraribeiro.CalculadoraSalarioUITests;
				PRODUCT_NAME = "$(TARGET_NAME)";
				SWIFT_VERSION = 3.0;
				TEST_TARGET_NAME = CalculadoraSalario;
			};
			name = Debug;
		};
		91A437DA1F0935F900930545 /* Release */ = {
			isa = XCBuildConfiguration;
			buildSettings = {
				ALWAYS_EMBED_SWIFT_STANDARD_LIBRARIES = YES;
				DEVELOPMENT_TEAM = CQUR86ADG4;
				INFOPLIST_FILE = CalculadoraSalarioUITests/Info.plist;
				LD_RUNPATH_SEARCH_PATHS = "$(inherited) @executable_path/Frameworks @loader_path/Frameworks";
				PRODUCT_BUNDLE_IDENTIFIER = net.deboraribeiro.CalculadoraSalarioUITests;
				PRODUCT_NAME = "$(TARGET_NAME)";
				SWIFT_VERSION = 3.0;
				TEST_TARGET_NAME = CalculadoraSalario;
			};
			name = Release;
		};
/* End XCBuildConfiguration section */

/* Begin XCConfigurationList section */
		91A437A51F0935F900930545 /* Build configuration list for PBXProject "CalculadoraSalario" */ = {
			isa = XCConfigurationList;
			buildConfigurations = (
				91A437D01F0935F900930545 /* Debug */,
				91A437D11F0935F900930545 /* Release */,
			);
			defaultConfigurationIsVisible = 0;
			defaultConfigurationName = Release;
		};
		91A437D21F0935F900930545 /* Build configuration list for PBXNativeTarget "CalculadoraSalario" */ = {
			isa = XCConfigurationList;
			buildConfigurations = (
				91A437D31F0935F900930545 /* Debug */,
				91A437D41F0935F900930545 /* Release */,
			);
			defaultConfigurationIsVisible = 0;
		};
		91A437D51F0935F900930545 /* Build configuration list for PBXNativeTarget "CalculadoraSalarioTests" */ = {
			isa = XCConfigurationList;
			buildConfigurations = (
				91A437D61F0935F900930545 /* Debug */,
				91A437D71F0935F900930545 /* Release */,
			);
			defaultConfigurationIsVisible = 0;
		};
		91A437D81F0935F900930545 /* Build configuration list for PBXNativeTarget "CalculadoraSalarioUITests" */ = {
			isa = XCConfigurationList;
			buildConfigurations = (
				91A437D91F0935F900930545 /* Debug */,
				91A437DA1F0935F900930545 /* Release */,
			);
			defaultConfigurationIsVisible = 0;
		};
/* End XCConfigurationList section */
	};
	rootObject = 91A437A21F0935F900930545 /* Project object */;
}
